
Microsoft Visual Studio Solution File, Format Version 12.00
# Visual Studio Version 17
VisualStudioVersion = 17.11.35431.28
MinimumVisualStudioVersion = 10.0.40219.1
Project("{FAE04EC0-301F-11D3-BF4B-00C04F79EFBC}") = "Scheduling Desktop UI App", "Scheduling Desktop UI App.csproj", "{9DF986E3-6F9F-4E2F-BA76-D98B796E09BB}"
EndProject
Global
	GlobalSection(SolutionConfigurationPlatforms) = preSolution
		Debug|Any CPU = Debug|Any CPU
		Release|Any CPU = Release|Any CPU
	EndGlobalSection
	GlobalSection(ProjectConfigurationPlatforms) = postSolution
		{9DF986E3-6F9F-4E2F-BA76-D98B796E09BB}.Debug|Any CPU.ActiveCfg = Debug|Any CPU
		{9DF986E3-6F9F-4E2F-BA76-D98B796E09BB}.Debug|Any CPU.Build.0 = Debug|Any CPU
		{9DF986E3-6F9F-4E2F-BA76-D98B796E09BB}.Release|Any CPU.ActiveCfg = Release|Any CPU
		{9DF986E3-6F9F-4E2F-BA76-D98B796E09BB}.Release|Any CPU.Build.0 = Release|Any CPU
	EndGlobalSection
	GlobalSection(SolutionProperties) = preSolution
		HideSolutionNode = FALSE
	EndGlobalSection
	GlobalSection(ExtensibilityGlobals) = postSolution
		SolutionGuid = {A9999AFC-9C4F-4560-AFAE-862FBFE5884B}
	EndGlobalSection
EndGlobal
